{
    "_readme": [
        "This file locks the dependencies of your project to a known state",
        "Read more about it at https://getcomposer.org/doc/01-basic-usage.md#installing-dependencies",
        "This file is @generated automatically"
    ],
    "content-hash": "b03d4dba76a9fe2ca6338f002ec745b8",
    "packages": [
        {
            "name": "components/jquery",
            "version": "v3.7.1",
            "source": {
                "type": "git",
                "url": "https://github.com/components/jquery.git",
                "reference": "8edc7785239bb8c2ad2b83302b856a1d61de60e7"
            },
            "dist": {
                "type": "zip",
                "url": "https://api.github.com/repos/components/jquery/zipball/8edc7785239bb8c2ad2b83302b856a1d61de60e7",
                "reference": "8edc7785239bb8c2ad2b83302b856a1d61de60e7",
                "shasum": ""
            },
            "type": "component",
            "extra": {
                "component": {
                    "files": [
                        "jquery.min.js",
                        "jquery.min.map",
                        "jquery.slim.js",
                        "jquery.slim.min.js",
                        "jquery.slim.min.map"
                    ],
                    "scripts": [
                        "jquery.js"
                    ]
                }
            },
            "notification-url": "https://packagist.org/downloads/",
            "license": [
                "MIT"
            ],
            "authors": [
                {
                    "name": "JS Foundation and other contributors"
                }
            ],
            "description": "jQuery JavaScript Library",
            "homepage": "http://jquery.com",
            "support": {
                "forum": "http://forum.jquery.com",
                "irc": "irc://irc.freenode.org/jquery",
                "issues": "https://github.com/jquery/jquery/issues",
                "source": "https://github.com/jquery/jquery",
                "wiki": "http://docs.jquery.com/"
            },
            "time": "2023-09-22T01:43:46+00:00"
        },
        {
            "name": "plusmagic/plus.repeater",
            "version": "1.5.1",
            "source": {
                "type": "git",
                "url": "https://github.com/plusmagic/plus.repeater.git",
                "reference": "c296ce5c45922bcbb78627abdefe98ac63bbeec0"
            },
            "dist": {
                "type": "zip",
                "url": "https://api.github.com/repos/plusmagic/plus.repeater/zipball/c296ce5c45922bcbb78627abdefe98ac63bbeec0",
                "reference": "c296ce5c45922bcbb78627abdefe98ac63bbeec0",
                "shasum": ""
            },
            "require": {
                "components/jquery": "*"
            },
            "type": "library",
            "notification-url": "https://packagist.org/downloads/",
            "license": [
                "MIT"
            ],
            "authors": [
                {
                    "name": "pitt phunsanit",
                    "email": "phunsanit@hotmail.com",
                    "homepage": "http://plusmagi.com",
                    "role": "Developer"
                }
            ],
            "description": "plus.repeater is simple jQuery for make your form can copy itself to new input or other object include label, image and other object when user focus on last copied.",
            "homepage": "http://pitt.plusmagi.com/plus-repeater/",
            "keywords": [
                "clone",
                "copy",
                "growth",
                "jquery",
                "repeat"
            ],
            "support": {
                "issues": "https://github.com/plusmagic/plus.repeater/issues",
                "source": "https://github.com/plusmagic/plus.repeater/tree/1.5.1"
            },
            "time": "2019-05-29T15:53:05+00:00"
        }
    ],
    "packages-dev": [],
    "aliases": [],
    "minimum-stability": "stable",
    "stability-flags": {},
    "prefer-stable": false,
    "prefer-lowest": false,
    "platform": {},
    "platform-dev": {},
    "plugin-api-version": "2.6.0"
}
