{
  "name": "snippets",
  "version": "1.0.0",
  "lockfileVersion": 3,
  "requires": true,
  "packages": {
    "": {
      "name": "snippets",
      "version": "1.0.0",
      "license": "ISC",
      "dependencies": {
        "downloadjs": "^1.4.7",
        "moment": "^2.22.1",
        "numeral": "^2.0.6"
      },
      "devDependencies": {
        "@rolldown/node": "^0.0.5"
      }
    },
    "node_modules/@rolldown/node": {
      "version": "0.0.5",
      "resolved": "https://registry.npmjs.org/@rolldown/node/-/node-0.0.5.tgz",
      "integrity": "sha512-2/1nvX9yJtlqDw0y1aPGfvtmCCDEWCw0TpRquWWzGWdJAaRfYHyBYpKPdUYizLc1naSaT/O3k2WyU+qfGa4hkw==",
      "deprecated": "The package '@rolldown/node' is deprecated. Please use 'rolldown' instead.",
      "dev": true,
      "license": "MIT",
      "dependencies": {
        "@rolldown/node-binding": "0.0.5"
      }
    },
    "node_modules/@rolldown/node-binding": {
      "version": "0.0.5",
      "resolved": "https://registry.npmjs.org/@rolldown/node-binding/-/node-binding-0.0.5.tgz",
      "integrity": "sha512-khCsf4WEik/Ri3Buk2slxJV59EKwRwvXCXrmBpkiLMBK8VspVKq4I5pzMCn6ck+ulfSBwl7DEA+rAM5YoNtp+A==",
      "dev": true,
      "license": "MIT",
      "engines": {
        "node": ">= 10"
      },
      "optionalDependencies": {
        "@rolldown/node-binding-android-arm-eabi": "0.0.5",
        "@rolldown/node-binding-android-arm64": "0.0.5",
        "@rolldown/node-binding-darwin-arm64": "0.0.5",
        "@rolldown/node-binding-darwin-x64": "0.0.5",
        "@rolldown/node-binding-freebsd-x64": "0.0.5",
        "@rolldown/node-binding-linux-arm-gnueabihf": "0.0.5",
        "@rolldown/node-binding-linux-arm64-gnu": "0.0.5",
        "@rolldown/node-binding-linux-arm64-musl": "0.0.5",
        "@rolldown/node-binding-linux-x64-gnu": "0.0.5",
        "@rolldown/node-binding-linux-x64-musl": "0.0.5",
        "@rolldown/node-binding-win32-arm64-msvc": "0.0.5",
        "@rolldown/node-binding-win32-ia32-msvc": "0.0.5",
        "@rolldown/node-binding-win32-x64-msvc": "0.0.5"
      }
    },
    "node_modules/@rolldown/node-binding-android-arm-eabi": {
      "version": "0.0.5",
      "resolved": "https://registry.npmjs.org/@rolldown/node-binding-android-arm-eabi/-/node-binding-android-arm-eabi-0.0.5.tgz",
      "integrity": "sha512-cucXe7VPxPX/bCZfd6fvmTHB5TWTkO3+w7MF9jcHwIGmiv46prcaBSQsWCLOS7CsQCwMlcxEHvctHsaSQJ1iGA==",
      "cpu": [
        "arm"
      ],
      "dev": true,
      "license": "MIT",
      "optional": true,
      "os": [
        "android"
      ],
      "engines": {
        "node": ">= 10"
      }
    },
    "node_modules/@rolldown/node-binding-android-arm64": {
      "version": "0.0.5",
      "resolved": "https://registry.npmjs.org/@rolldown/node-binding-android-arm64/-/node-binding-android-arm64-0.0.5.tgz",
      "integrity": "sha512-wzngkRlDxkNDXXwDgxuueiOQHlqP4Bwum4gz0QdvfnK4V6Z1EsTDmfGFf2O4re2eLbeGwEmQehWqX8qwxYxm3g==",
      "cpu": [
        "arm64"
      ],
      "dev": true,
      "license": "MIT",
      "optional": true,
      "os": [
        "android"
      ],
      "engines": {
        "node": ">= 10"
      }
    },
    "node_modules/@rolldown/node-binding-darwin-arm64": {
      "version": "0.0.5",
      "resolved": "https://registry.npmjs.org/@rolldown/node-binding-darwin-arm64/-/node-binding-darwin-arm64-0.0.5.tgz",
      "integrity": "sha512-oACvfvHaq73BLRTHAtvQudU5mZoqWe2w++uFsohC2/i/sef0J979HhB2yt2FQ6AUwsjduQ2qYyzRqKc5j8X4tQ==",
      "cpu": [
        "arm64"
      ],
      "dev": true,
      "license": "MIT",
      "optional": true,
      "os": [
        "darwin"
      ],
      "engines": {
        "node": ">= 10"
      }
    },
    "node_modules/@rolldown/node-binding-darwin-x64": {
      "version": "0.0.5",
      "resolved": "https://registry.npmjs.org/@rolldown/node-binding-darwin-x64/-/node-binding-darwin-x64-0.0.5.tgz",
      "integrity": "sha512-ZjqyxfubPlnMjiLaRh44jfmyEcyfZgT4yu0sUOxmBsq2BFCuI9FHA8qA0DSNQPvXS2T7nyWzl0GH+CxqSi1qPw==",
      "cpu": [
        "x64"
      ],
      "dev": true,
      "license": "MIT",
      "optional": true,
      "os": [
        "darwin"
      ],
      "engines": {
        "node": ">= 10"
      }
    },
    "node_modules/@rolldown/node-binding-linux-arm-gnueabihf": {
      "version": "0.0.5",
      "resolved": "https://registry.npmjs.org/@rolldown/node-binding-linux-arm-gnueabihf/-/node-binding-linux-arm-gnueabihf-0.0.5.tgz",
      "integrity": "sha512-Vgaab13foxfs/fdruEfGXweS9xqWULMOQPzdA2zJKRw9YaaA/CW5E1IG7qkVXelolCRqe25inqcxAdva965t0w==",
      "cpu": [
        "arm"
      ],
      "dev": true,
      "license": "MIT",
      "optional": true,
      "os": [
        "linux"
      ],
      "engines": {
        "node": ">= 10"
      }
    },
    "node_modules/@rolldown/node-binding-linux-arm64-gnu": {
      "version": "0.0.5",
      "resolved": "https://registry.npmjs.org/@rolldown/node-binding-linux-arm64-gnu/-/node-binding-linux-arm64-gnu-0.0.5.tgz",
      "integrity": "sha512-x605Z2Nz1C1YVDTKhBOBWhDmq0+32aSGuyrslLMvsQYMU5ETZ7ScpyrZFvZRHoukbcPHrCHiPsCmip4EQBspqg==",
      "cpu": [
        "arm64"
      ],
      "dev": true,
      "license": "MIT",
      "optional": true,
      "os": [
        "linux"
      ],
      "engines": {
        "node": ">= 10"
      }
    },
    "node_modules/@rolldown/node-binding-linux-arm64-musl": {
      "version": "0.0.5",
      "resolved": "https://registry.npmjs.org/@rolldown/node-binding-linux-arm64-musl/-/node-binding-linux-arm64-musl-0.0.5.tgz",
      "integrity": "sha512-biz9cAL1dTkIL1XzG95gliq+HzNQNKd5TdkONUJcyHn4hflPKvSbftk/bPiLvN3VpiFopuay6z6vzpDJ2ibyXw==",
      "cpu": [
        "arm64"
      ],
      "dev": true,
      "license": "MIT",
      "optional": true,
      "os": [
        "linux"
      ],
      "engines": {
        "node": ">= 10"
      }
    },
    "node_modules/@rolldown/node-binding-linux-x64-gnu": {
      "version": "0.0.5",
      "resolved": "https://registry.npmjs.org/@rolldown/node-binding-linux-x64-gnu/-/node-binding-linux-x64-gnu-0.0.5.tgz",
      "integrity": "sha512-6tbXWsyvD0NrdVrIxP61obbdkNt2osb7ANqkTI07QD82zS1q2z5tM5ehFSO2Jz9cv0NZTkrIngUF77xtMD5tRA==",
      "cpu": [
        "x64"
      ],
      "dev": true,
      "license": "MIT",
      "optional": true,
      "os": [
        "linux"
      ],
      "engines": {
        "node": ">= 10"
      }
    },
    "node_modules/@rolldown/node-binding-linux-x64-musl": {
      "version": "0.0.5",
      "resolved": "https://registry.npmjs.org/@rolldown/node-binding-linux-x64-musl/-/node-binding-linux-x64-musl-0.0.5.tgz",
      "integrity": "sha512-XtO2ivmbFB+N+ZhrRD2LndipSbaMI00jZFtb/3clIe8+AG5axGPnRnoRlNYWSyowa0yx5FjkfQoA3sXfYxjthA==",
      "cpu": [
        "x64"
      ],
      "dev": true,
      "license": "MIT",
      "optional": true,
      "os": [
        "linux"
      ],
      "engines": {
        "node": ">= 10"
      }
    },
    "node_modules/@rolldown/node-binding-win32-arm64-msvc": {
      "version": "0.0.5",
      "resolved": "https://registry.npmjs.org/@rolldown/node-binding-win32-arm64-msvc/-/node-binding-win32-arm64-msvc-0.0.5.tgz",
      "integrity": "sha512-oncJYwGG1FeIHbw7SueBrpwTIePtkozyyVQCUIDQM6wBSNd0vUicqLmh/oEEeAca2YOWOVWd9B8mnsakCaEPaQ==",
      "cpu": [
        "arm64"
      ],
      "dev": true,
      "license": "MIT",
      "optional": true,
      "os": [
        "win32"
      ],
      "engines": {
        "node": ">= 10"
      }
    },
    "node_modules/@rolldown/node-binding-win32-ia32-msvc": {
      "version": "0.0.5",
      "resolved": "https://registry.npmjs.org/@rolldown/node-binding-win32-ia32-msvc/-/node-binding-win32-ia32-msvc-0.0.5.tgz",
      "integrity": "sha512-g7pVkwdQdzfw8V8Kbf+EThqjz3Co6ZTac91+nr60Kn/xLjXwZ4ymakyHMhHNxkM9NAK1+U1b/WI6L4PJNEgU8g==",
      "cpu": [
        "ia32"
      ],
      "dev": true,
      "license": "MIT",
      "optional": true,
      "os": [
        "win32"
      ],
      "engines": {
        "node": ">= 10"
      }
    },
    "node_modules/@rolldown/node-binding-win32-x64-msvc": {
      "version": "0.0.5",
      "resolved": "https://registry.npmjs.org/@rolldown/node-binding-win32-x64-msvc/-/node-binding-win32-x64-msvc-0.0.5.tgz",
      "integrity": "sha512-PvMwPt1rti+BlsujYXT25Kpz+VkwYb7VfuHE5yIWx7mLaNUwstoN4v6ScQnTugRhHeiu9QP/Ab/SiiIHYUsiyw==",
      "cpu": [
        "x64"
      ],
      "dev": true,
      "license": "MIT",
      "optional": true,
      "os": [
        "win32"
      ],
      "engines": {
        "node": ">= 10"
      }
    },
    "node_modules/@rolldown/node-binding/node_modules/@rolldown/node-binding-freebsd-x64": {
      "dev": true,
      "optional": true
    },
    "node_modules/downloadjs": {
      "version": "1.4.7",
      "resolved": "https://registry.npmjs.org/downloadjs/-/downloadjs-1.4.7.tgz",
      "integrity": "sha512-LN1gO7+u9xjU5oEScGFKvXhYf7Y/empUIIEAGBs1LzUq/rg5duiDrkuH5A2lQGd5jfMOb9X9usDa2oVXwJ0U/Q==",
      "license": "MIT"
    },
    "node_modules/moment": {
      "version": "2.30.1",
      "resolved": "https://registry.npmjs.org/moment/-/moment-2.30.1.tgz",
      "integrity": "sha512-uEmtNhbDOrWPFS+hdjFCBfy9f2YoyzRpwcl+DqpC6taX21FzsTLQVbMV/W7PzNSX6x/bhC1zA3c2UQ5NzH6how==",
      "license": "MIT",
      "engines": {
        "node": "*"
      }
    },
    "node_modules/numeral": {
      "version": "2.0.6",
      "resolved": "https://registry.npmjs.org/numeral/-/numeral-2.0.6.tgz",
      "integrity": "sha512-qaKRmtYPZ5qdw4jWJD6bxEf1FJEqllJrwxCLIm0sQU/A7v2/czigzOb+C2uSiFsa9lBUzeH7M1oK+Q+OLxL3kA==",
      "license": "MIT",
      "engines": {
        "node": "*"
      }
    }
  }
}
