{
  "name": "snippets",
  "version": "1.0.0",
  "lockfileVersion": 3,
  "requires": true,
  "packages": {
    "": {
      "name": "snippets",
      "version": "1.0.0",
      "license": "ISC",
      "dependencies": {
        "downloadjs": "^1.4.7",
        "moment": "^2.22.1",
        "numeral": "^2.0.6"
      }
    },
    "node_modules/downloadjs": {
      "version": "1.4.8",
      "resolved": "git+ssh://git@github.com/rndme/download.git#09d6492f47ef18feca39c3d748960dce44f93a89",
      "integrity": "sha512-np69X3Wuc+21x5xGXt1WcA1hMVjZXN7YzjVx4IPFiBFcPm3tU2w8bM4jeb8nq8PotTrAOAqXHwHzvT1z6mML1Q==",
      "license": "MIT"
    },
    "node_modules/moment": {
      "version": "2.22.1",
      "resolved": "https://registry.npmjs.org/moment/-/moment-2.22.1.tgz",
      "integrity": "sha512-shJkRTSebXvsVqk56I+lkb2latjBs8I+pc2TzWc545y2iFnSjm7Wg0QMh+ZWcdSLQyGEau5jI8ocnmkyTgr9YQ==",
      "engines": {
        "node": "*"
      }
    },
    "node_modules/numeral": {
      "version": "2.0.6",
      "resolved": "https://registry.npmjs.org/numeral/-/numeral-2.0.6.tgz",
      "integrity": "sha1-StCAk21EPCVhrtnyGX7//iX05QY=",
      "engines": {
        "node": "*"
      }
    }
  }
}
